
Microsoft Visual Studio Solution File, Format Version 12.00
# Visual Studio 2012
Project("{FAE04EC0-301F-11D3-BF4B-00C04F79EFBC}") = "problem_1", "problem_1\problem_1.csproj", "{DC0FBB54-A686-49DC-8D1F-EA284BAEFEB6}"
EndProject
Project("{FAE04EC0-301F-11D3-BF4B-00C04F79EFBC}") = "problem_1.Test", "problem_1.Test\problem_1.Test.csproj", "{16AACBA2-1A00-403C-B1AC-39344B63FB30}"
EndProject
Global
	GlobalSection(SolutionConfigurationPlatforms) = preSolution
		Debug|Any CPU = Debug|Any CPU
		Release|Any CPU = Release|Any CPU
	EndGlobalSection
	GlobalSection(ProjectConfigurationPlatforms) = postSolution
		{DC0FBB54-A686-49DC-8D1F-EA284BAEFEB6}.Debug|Any CPU.ActiveCfg = Debug|Any CPU
		{DC0FBB54-A686-49DC-8D1F-EA284BAEFEB6}.Debug|Any CPU.Build.0 = Debug|Any CPU
		{DC0FBB54-A686-49DC-8D1F-EA284BAEFEB6}.Release|Any CPU.ActiveCfg = Release|Any CPU
		{DC0FBB54-A686-49DC-8D1F-EA284BAEFEB6}.Release|Any CPU.Build.0 = Release|Any CPU
		{16AACBA2-1A00-403C-B1AC-39344B63FB30}.Debug|Any CPU.ActiveCfg = Debug|Any CPU
		{16AACBA2-1A00-403C-B1AC-39344B63FB30}.Debug|Any CPU.Build.0 = Debug|Any CPU
		{16AACBA2-1A00-403C-B1AC-39344B63FB30}.Release|Any CPU.ActiveCfg = Release|Any CPU
		{16AACBA2-1A00-403C-B1AC-39344B63FB30}.Release|Any CPU.Build.0 = Release|Any CPU
	EndGlobalSection
	GlobalSection(SolutionProperties) = preSolution
		HideSolutionNode = FALSE
	EndGlobalSection
EndGlobal
