
Microsoft Visual Studio Solution File, Format Version 12.00
# Visual Studio 2012
Project("{FAE04EC0-301F-11D3-BF4B-00C04F79EFBC}") = "problem_1", "problem_1\problem_1.csproj", "{D51B134E-6761-49DD-8E30-9A5874793ADE}"
EndProject
Project("{FAE04EC0-301F-11D3-BF4B-00C04F79EFBC}") = "problem_1.Test", "problem_1.Test\problem_1.Test.csproj", "{8E861AEF-B100-43CE-B04C-9BAEE2877113}"
EndProject
Global
	GlobalSection(SolutionConfigurationPlatforms) = preSolution
		Debug|Any CPU = Debug|Any CPU
		Release|Any CPU = Release|Any CPU
	EndGlobalSection
	GlobalSection(ProjectConfigurationPlatforms) = postSolution
		{D51B134E-6761-49DD-8E30-9A5874793ADE}.Debug|Any CPU.ActiveCfg = Debug|Any CPU
		{D51B134E-6761-49DD-8E30-9A5874793ADE}.Debug|Any CPU.Build.0 = Debug|Any CPU
		{D51B134E-6761-49DD-8E30-9A5874793ADE}.Release|Any CPU.ActiveCfg = Release|Any CPU
		{D51B134E-6761-49DD-8E30-9A5874793ADE}.Release|Any CPU.Build.0 = Release|Any CPU
		{8E861AEF-B100-43CE-B04C-9BAEE2877113}.Debug|Any CPU.ActiveCfg = Debug|Any CPU
		{8E861AEF-B100-43CE-B04C-9BAEE2877113}.Debug|Any CPU.Build.0 = Debug|Any CPU
		{8E861AEF-B100-43CE-B04C-9BAEE2877113}.Release|Any CPU.ActiveCfg = Release|Any CPU
		{8E861AEF-B100-43CE-B04C-9BAEE2877113}.Release|Any CPU.Build.0 = Release|Any CPU
	EndGlobalSection
	GlobalSection(SolutionProperties) = preSolution
		HideSolutionNode = FALSE
	EndGlobalSection
EndGlobal
