
Microsoft Visual Studio Solution File, Format Version 12.00
# Visual Studio 2012
Project("{F2A71F9B-5D33-465A-A702-920D77279786}") = "problem_1", "problem_1\problem_1.fsproj", "{BEDF4D67-C5BB-4731-9B31-93FE646D0129}"
EndProject
Global
	GlobalSection(SolutionConfigurationPlatforms) = preSolution
		Debug|Any CPU = Debug|Any CPU
		Release|Any CPU = Release|Any CPU
	EndGlobalSection
	GlobalSection(ProjectConfigurationPlatforms) = postSolution
		{BEDF4D67-C5BB-4731-9B31-93FE646D0129}.Debug|Any CPU.ActiveCfg = Debug|Any CPU
		{BEDF4D67-C5BB-4731-9B31-93FE646D0129}.Debug|Any CPU.Build.0 = Debug|Any CPU
		{BEDF4D67-C5BB-4731-9B31-93FE646D0129}.Release|Any CPU.ActiveCfg = Release|Any CPU
		{BEDF4D67-C5BB-4731-9B31-93FE646D0129}.Release|Any CPU.Build.0 = Release|Any CPU
	EndGlobalSection
	GlobalSection(SolutionProperties) = preSolution
		HideSolutionNode = FALSE
	EndGlobalSection
EndGlobal
