
Microsoft Visual Studio Solution File, Format Version 12.00
# Visual Studio 2012
Project("{FAE04EC0-301F-11D3-BF4B-00C04F79EFBC}") = "problem_1", "problem_1\problem_1.csproj", "{6484321F-E55D-44C9-B4B3-EAA1673C5CA6}"
EndProject
Project("{FAE04EC0-301F-11D3-BF4B-00C04F79EFBC}") = "problem_1.test", "problem_1.test\problem_1.test.csproj", "{98AEE621-FFF5-4B9A-AC06-F29C161138A8}"
EndProject
Global
	GlobalSection(SolutionConfigurationPlatforms) = preSolution
		Debug|Any CPU = Debug|Any CPU
		Release|Any CPU = Release|Any CPU
	EndGlobalSection
	GlobalSection(ProjectConfigurationPlatforms) = postSolution
		{6484321F-E55D-44C9-B4B3-EAA1673C5CA6}.Debug|Any CPU.ActiveCfg = Debug|Any CPU
		{6484321F-E55D-44C9-B4B3-EAA1673C5CA6}.Debug|Any CPU.Build.0 = Debug|Any CPU
		{6484321F-E55D-44C9-B4B3-EAA1673C5CA6}.Release|Any CPU.ActiveCfg = Release|Any CPU
		{6484321F-E55D-44C9-B4B3-EAA1673C5CA6}.Release|Any CPU.Build.0 = Release|Any CPU
		{98AEE621-FFF5-4B9A-AC06-F29C161138A8}.Debug|Any CPU.ActiveCfg = Debug|Any CPU
		{98AEE621-FFF5-4B9A-AC06-F29C161138A8}.Debug|Any CPU.Build.0 = Debug|Any CPU
		{98AEE621-FFF5-4B9A-AC06-F29C161138A8}.Release|Any CPU.ActiveCfg = Release|Any CPU
		{98AEE621-FFF5-4B9A-AC06-F29C161138A8}.Release|Any CPU.Build.0 = Release|Any CPU
	EndGlobalSection
	GlobalSection(SolutionProperties) = preSolution
		HideSolutionNode = FALSE
	EndGlobalSection
EndGlobal
