
Microsoft Visual Studio Solution File, Format Version 12.00
# Visual Studio 2012
Project("{FAE04EC0-301F-11D3-BF4B-00C04F79EFBC}") = "problem", "problem\problem.csproj", "{F62921EE-AFB9-47A0-B304-288C4BF288B8}"
EndProject
Project("{FAE04EC0-301F-11D3-BF4B-00C04F79EFBC}") = "problem.Test", "problem.Test\problem.Test.csproj", "{DE47FD52-6E71-42B8-8AF1-2548CCA70790}"
EndProject
Global
	GlobalSection(SolutionConfigurationPlatforms) = preSolution
		Debug|Any CPU = Debug|Any CPU
		Release|Any CPU = Release|Any CPU
	EndGlobalSection
	GlobalSection(ProjectConfigurationPlatforms) = postSolution
		{F62921EE-AFB9-47A0-B304-288C4BF288B8}.Debug|Any CPU.ActiveCfg = Debug|Any CPU
		{F62921EE-AFB9-47A0-B304-288C4BF288B8}.Debug|Any CPU.Build.0 = Debug|Any CPU
		{F62921EE-AFB9-47A0-B304-288C4BF288B8}.Release|Any CPU.ActiveCfg = Release|Any CPU
		{F62921EE-AFB9-47A0-B304-288C4BF288B8}.Release|Any CPU.Build.0 = Release|Any CPU
		{DE47FD52-6E71-42B8-8AF1-2548CCA70790}.Debug|Any CPU.ActiveCfg = Debug|Any CPU
		{DE47FD52-6E71-42B8-8AF1-2548CCA70790}.Debug|Any CPU.Build.0 = Debug|Any CPU
		{DE47FD52-6E71-42B8-8AF1-2548CCA70790}.Release|Any CPU.ActiveCfg = Release|Any CPU
		{DE47FD52-6E71-42B8-8AF1-2548CCA70790}.Release|Any CPU.Build.0 = Release|Any CPU
	EndGlobalSection
	GlobalSection(SolutionProperties) = preSolution
		HideSolutionNode = FALSE
	EndGlobalSection
EndGlobal
